{
  "name": "node-ftp-basic",
  "version": "1.0.0",
  "lockfileVersion": 1,
  "requires": true,
  "dependencies": {
    "basic-ftp": {
      "version": "4.6.3",
      "resolved": "https://registry.npmjs.org/basic-ftp/-/basic-ftp-4.6.3.tgz",
      "integrity": "sha512-u/zMus8UacMmsxko3szgmuMYaf7pvYV/k/rMJb1I9RCByURWaVP7/jii/8cvPWF3Co7qqBgwRMhyI5vg727OhA=="
    },
    "node": {
      "version": "15.3.0",
      "resolved": "https://registry.npmjs.org/node/-/node-15.3.0.tgz",
      "integrity": "sha512-sLyjt+s8FhQfMTOdD4gWwTQcMJJb6yWqvHqon0rBQjOobWYvXcBqsUikV23iKEd0zB24x0uDe14l4E24UjfNcQ==",
      "requires": {
        "node-bin-setup": "^1.0.0"
      }
    },
    "node-bin-setup": {
      "version": "1.0.6",
      "resolved": "https://registry.npmjs.org/node-bin-setup/-/node-bin-setup-1.0.6.tgz",
      "integrity": "sha512-uPIxXNis1CRbv1DwqAxkgBk5NFV3s7cMN/Gf556jSw6jBvV7ca4F9lRL/8cALcZecRibeqU+5dFYqFFmzv5a0Q=="
    }
  }
}
